
Microsoft Visual Studio Solution File, Format Version 11.00
# Visual Studio 2010
Project("{E24C65DC-7377-472B-9ABA-BC803B73C61A}") = "Paombong", "..\", "{7855DFE4-53C0-48AD-8691-D3D579024ACF}"
	ProjectSection(WebsiteProperties) = preProject
		TargetFrameworkMoniker = ".NETFramework,Version%3Dv4.0"
		Debug.AspNetCompiler.VirtualPath = "/Paombong"
		Debug.AspNetCompiler.PhysicalPath = "..\..\Paombong\"
		Debug.AspNetCompiler.TargetPath = "PrecompiledWeb\Paombong\"
		Debug.AspNetCompiler.Updateable = "true"
		Debug.AspNetCompiler.ForceOverwrite = "true"
		Debug.AspNetCompiler.FixedNames = "false"
		Debug.AspNetCompiler.Debug = "True"
		Release.AspNetCompiler.VirtualPath = "/Paombong"
		Release.AspNetCompiler.PhysicalPath = "..\..\Paombong\"
		Release.AspNetCompiler.TargetPath = "PrecompiledWeb\Paombong\"
		Release.AspNetCompiler.Updateable = "true"
		Release.AspNetCompiler.ForceOverwrite = "true"
		Release.AspNetCompiler.FixedNames = "false"
		Release.AspNetCompiler.Debug = "False"
		VWDPort = "1081"
	EndProjectSection
EndProject
Global
	GlobalSection(SolutionConfigurationPlatforms) = preSolution
		Debug|Any CPU = Debug|Any CPU
	EndGlobalSection
	GlobalSection(ProjectConfigurationPlatforms) = postSolution
		{7855DFE4-53C0-48AD-8691-D3D579024ACF}.Debug|Any CPU.ActiveCfg = Debug|Any CPU
		{7855DFE4-53C0-48AD-8691-D3D579024ACF}.Debug|Any CPU.Build.0 = Debug|Any CPU
	EndGlobalSection
	GlobalSection(SolutionProperties) = preSolution
		HideSolutionNode = FALSE
	EndGlobalSection
EndGlobal
